{
  "name": "basicCodeHandwriting",
  "lockfileVersion": 2,
  "requires": true,
  "packages": {
    "": {
      "devDependencies": {
        "@types/node": "^18.11.5",
        "typescript": "^4.8.4"
      }
    },
    "node_modules/@types/node": {
      "version": "18.11.5",
      "resolved": "https://mirrors.tencent.com/npm/@types%2fnode/-/node-18.11.5.tgz",
      "integrity": "sha512-3JRwhbjI+cHLAkUorhf8RnqUbFXajvzX4q6fMn5JwkgtuwfYtRQYI3u4V92vI6NJuTsbBQWWh3RZjFsuevyMGQ==",
      "dev": true,
      "license": "MIT"
    },
    "node_modules/typescript": {
      "version": "4.8.4",
      "resolved": "https://mirrors.tencent.com/npm/typescript/-/typescript-4.8.4.tgz",
      "integrity": "sha512-QCh+85mCy+h0IGff8r5XWzOVSbBO+KfeYrMQh7NJ58QujwcE22u+NUSmUxqF+un70P9GXKxa2HCNiTTMJknyjQ==",
      "dev": true,
      "license": "Apache-2.0",
      "bin": {
        "tsc": "bin/tsc",
        "tsserver": "bin/tsserver"
      },
      "engines": {
        "node": ">=4.2.0"
      }
    }
  },
  "dependencies": {
    "@types/node": {
      "version": "18.11.5",
      "resolved": "https://mirrors.tencent.com/npm/@types%2fnode/-/node-18.11.5.tgz",
      "integrity": "sha512-3JRwhbjI+cHLAkUorhf8RnqUbFXajvzX4q6fMn5JwkgtuwfYtRQYI3u4V92vI6NJuTsbBQWWh3RZjFsuevyMGQ==",
      "dev": true
    },
    "typescript": {
      "version": "4.8.4",
      "resolved": "https://mirrors.tencent.com/npm/typescript/-/typescript-4.8.4.tgz",
      "integrity": "sha512-QCh+85mCy+h0IGff8r5XWzOVSbBO+KfeYrMQh7NJ58QujwcE22u+NUSmUxqF+un70P9GXKxa2HCNiTTMJknyjQ==",
      "dev": true
    }
  }
}
